
Microsoft Visual Studio Solution File, Format Version 12.00
# Visual Studio Version 16
VisualStudioVersion = 16.0.31911.196
MinimumVisualStudioVersion = 10.0.40219.1
Project("{FAE04EC0-301F-11D3-BF4B-00C04F79EFBC}") = "minesweeper", "minesweeper.csproj", "{2D3789C2-9E00-4DAF-9CF2-9F667C39403F}"
EndProject
Global
	GlobalSection(SolutionConfigurationPlatforms) = preSolution
		Debug|Any CPU = Debug|Any CPU
		Release|Any CPU = Release|Any CPU
	EndGlobalSection
	GlobalSection(ProjectConfigurationPlatforms) = postSolution
		{2D3789C2-9E00-4DAF-9CF2-9F667C39403F}.Debug|Any CPU.ActiveCfg = Debug|Any CPU
		{2D3789C2-9E00-4DAF-9CF2-9F667C39403F}.Debug|Any CPU.Build.0 = Debug|Any CPU
		{2D3789C2-9E00-4DAF-9CF2-9F667C39403F}.Release|Any CPU.ActiveCfg = Release|Any CPU
		{2D3789C2-9E00-4DAF-9CF2-9F667C39403F}.Release|Any CPU.Build.0 = Release|Any CPU
	EndGlobalSection
	GlobalSection(SolutionProperties) = preSolution
		HideSolutionNode = FALSE
	EndGlobalSection
	GlobalSection(ExtensibilityGlobals) = postSolution
		SolutionGuid = {4566315D-7D0D-404F-AC07-EF8F24E4237B}
	EndGlobalSection
EndGlobal
